
Microsoft Visual Studio Solution File, Format Version 12.00
# Visual Studio Version 16
VisualStudioVersion = 16.0.31410.357
MinimumVisualStudioVersion = 10.0.40219.1
Project("{FAE04EC0-301F-11D3-BF4B-00C04F79EFBC}") = "S7NetD2", "S7NetD2\S7NetD2.csproj", "{ED1A928F-384C-4D6E-82A6-609A109F3B03}"
EndProject
Global
	GlobalSection(SolutionConfigurationPlatforms) = preSolution
		Debug|Any CPU = Debug|Any CPU
		Release|Any CPU = Release|Any CPU
	EndGlobalSection
	GlobalSection(ProjectConfigurationPlatforms) = postSolution
		{ED1A928F-384C-4D6E-82A6-609A109F3B03}.Debug|Any CPU.ActiveCfg = Debug|Any CPU
		{ED1A928F-384C-4D6E-82A6-609A109F3B03}.Debug|Any CPU.Build.0 = Debug|Any CPU
		{ED1A928F-384C-4D6E-82A6-609A109F3B03}.Release|Any CPU.ActiveCfg = Release|Any CPU
		{ED1A928F-384C-4D6E-82A6-609A109F3B03}.Release|Any CPU.Build.0 = Release|Any CPU
	EndGlobalSection
	GlobalSection(SolutionProperties) = preSolution
		HideSolutionNode = FALSE
	EndGlobalSection
	GlobalSection(ExtensibilityGlobals) = postSolution
		SolutionGuid = {39297006-25C0-475E-8C0E-5173BEA9DC0E}
	EndGlobalSection
EndGlobal
